# THIS IS AN AUTOGENERATED FILE. DO NOT EDIT THIS FILE DIRECTLY.
# yarn lockfile v1


"@types/google-apps-script@^1.0.10":
  version "1.0.10"
  resolved "https://registry.yarnpkg.com/@types/google-apps-script/-/google-apps-script-1.0.10.tgz#7afc1bf954c8e2dc5f5784f5e3c752c06a31ae8a"
  integrity sha512-j1R8imUMPZP/6O/lZnLwUrpAo991q7QhoauF1qtZSg5wwFnr3s950PTLwMYMNxibLjmomhcYUbeVixn1jJHswg==

typescript@^3.5.2:
  version "3.7.5"
  resolved "https://registry.yarnpkg.com/typescript/-/typescript-3.7.5.tgz#0692e21f65fd4108b9330238aac11dd2e177a1ae"
  integrity sha512-/P5lkRXkWHNAbcJIiHPfRoKqyd7bsyCma1hZNUGfn20qm64T6ZBlrzprymeu918H+mB/0rIg2gGK/BXkhhYgBw==
